
Microsoft Visual Studio Solution File, Format Version 12.00
# Visual Studio 15
VisualStudioVersion = 15.0.28307.168
MinimumVisualStudioVersion = 10.0.40219.1
Project("{FAE04EC0-301F-11D3-BF4B-00C04F79EFBC}") = "InheritanceExample", "InheritanceExample\InheritanceExample.csproj", "{47AE60A1-175D-4D7E-9369-0467510BAE6D}"
EndProject
Global
	GlobalSection(SolutionConfigurationPlatforms) = preSolution
		Debug|Any CPU = Debug|Any CPU
		Release|Any CPU = Release|Any CPU
	EndGlobalSection
	GlobalSection(ProjectConfigurationPlatforms) = postSolution
		{47AE60A1-175D-4D7E-9369-0467510BAE6D}.Debug|Any CPU.ActiveCfg = Debug|Any CPU
		{47AE60A1-175D-4D7E-9369-0467510BAE6D}.Debug|Any CPU.Build.0 = Debug|Any CPU
		{47AE60A1-175D-4D7E-9369-0467510BAE6D}.Release|Any CPU.ActiveCfg = Release|Any CPU
		{47AE60A1-175D-4D7E-9369-0467510BAE6D}.Release|Any CPU.Build.0 = Release|Any CPU
	EndGlobalSection
	GlobalSection(SolutionProperties) = preSolution
		HideSolutionNode = FALSE
	EndGlobalSection
	GlobalSection(ExtensibilityGlobals) = postSolution
		SolutionGuid = {C42A4CEF-35D7-4B59-902F-63F9FF17469F}
	EndGlobalSection
EndGlobal
