
Microsoft Visual Studio Solution File, Format Version 12.00
# Visual Studio 15
VisualStudioVersion = 15.0.28307.168
MinimumVisualStudioVersion = 10.0.40219.1
Project("{FAE04EC0-301F-11D3-BF4B-00C04F79EFBC}") = "UseArrayasMethodParameters", "UseArrayasMethodParameters\UseArrayasMethodParameters.csproj", "{CCC2584D-A250-4DDE-BB5F-ABF17DFC4FF4}"
EndProject
Global
	GlobalSection(SolutionConfigurationPlatforms) = preSolution
		Debug|Any CPU = Debug|Any CPU
		Release|Any CPU = Release|Any CPU
	EndGlobalSection
	GlobalSection(ProjectConfigurationPlatforms) = postSolution
		{CCC2584D-A250-4DDE-BB5F-ABF17DFC4FF4}.Debug|Any CPU.ActiveCfg = Debug|Any CPU
		{CCC2584D-A250-4DDE-BB5F-ABF17DFC4FF4}.Debug|Any CPU.Build.0 = Debug|Any CPU
		{CCC2584D-A250-4DDE-BB5F-ABF17DFC4FF4}.Release|Any CPU.ActiveCfg = Release|Any CPU
		{CCC2584D-A250-4DDE-BB5F-ABF17DFC4FF4}.Release|Any CPU.Build.0 = Release|Any CPU
	EndGlobalSection
	GlobalSection(SolutionProperties) = preSolution
		HideSolutionNode = FALSE
	EndGlobalSection
	GlobalSection(ExtensibilityGlobals) = postSolution
		SolutionGuid = {48318845-C515-40AF-B169-6C7C79F97952}
	EndGlobalSection
EndGlobal
