
Microsoft Visual Studio Solution File, Format Version 12.00
# Visual Studio 15
VisualStudioVersion = 15.0.28307.168
MinimumVisualStudioVersion = 10.0.40219.1
Project("{FAE04EC0-301F-11D3-BF4B-00C04F79EFBC}") = "AbstractMethodAndClassesExampleOne", "AbstractMethodAndClassesExamleOne\AbstractMethodAndClassesExampleOne.csproj", "{61F67EE0-F0D2-4DD9-9527-37020FE40018}"
EndProject
Global
	GlobalSection(SolutionConfigurationPlatforms) = preSolution
		Debug|Any CPU = Debug|Any CPU
		Release|Any CPU = Release|Any CPU
	EndGlobalSection
	GlobalSection(ProjectConfigurationPlatforms) = postSolution
		{61F67EE0-F0D2-4DD9-9527-37020FE40018}.Debug|Any CPU.ActiveCfg = Debug|Any CPU
		{61F67EE0-F0D2-4DD9-9527-37020FE40018}.Debug|Any CPU.Build.0 = Debug|Any CPU
		{61F67EE0-F0D2-4DD9-9527-37020FE40018}.Release|Any CPU.ActiveCfg = Release|Any CPU
		{61F67EE0-F0D2-4DD9-9527-37020FE40018}.Release|Any CPU.Build.0 = Release|Any CPU
	EndGlobalSection
	GlobalSection(SolutionProperties) = preSolution
		HideSolutionNode = FALSE
	EndGlobalSection
	GlobalSection(ExtensibilityGlobals) = postSolution
		SolutionGuid = {EF2DC440-0467-45FB-9788-C5B214C8ED86}
	EndGlobalSection
EndGlobal
