
Microsoft Visual Studio Solution File, Format Version 12.00
# Visual Studio 15
VisualStudioVersion = 15.0.28307.168
MinimumVisualStudioVersion = 10.0.40219.1
Project("{FAE04EC0-301F-11D3-BF4B-00C04F79EFBC}") = "EncapsulationExample", "EncapsulationExample\EncapsulationExample.csproj", "{216410B9-5C31-4AFB-B930-B56C12A3C4D2}"
EndProject
Global
	GlobalSection(SolutionConfigurationPlatforms) = preSolution
		Debug|Any CPU = Debug|Any CPU
		Release|Any CPU = Release|Any CPU
	EndGlobalSection
	GlobalSection(ProjectConfigurationPlatforms) = postSolution
		{216410B9-5C31-4AFB-B930-B56C12A3C4D2}.Debug|Any CPU.ActiveCfg = Debug|Any CPU
		{216410B9-5C31-4AFB-B930-B56C12A3C4D2}.Debug|Any CPU.Build.0 = Debug|Any CPU
		{216410B9-5C31-4AFB-B930-B56C12A3C4D2}.Release|Any CPU.ActiveCfg = Release|Any CPU
		{216410B9-5C31-4AFB-B930-B56C12A3C4D2}.Release|Any CPU.Build.0 = Release|Any CPU
	EndGlobalSection
	GlobalSection(SolutionProperties) = preSolution
		HideSolutionNode = FALSE
	EndGlobalSection
	GlobalSection(ExtensibilityGlobals) = postSolution
		SolutionGuid = {155D0A0E-7C91-48F8-B135-E49E25705CB4}
	EndGlobalSection
EndGlobal
